
Microsoft Visual Studio Solution File, Format Version 12.00
# Visual Studio 15
VisualStudioVersion = 15.0.27004.2002
MinimumVisualStudioVersion = 10.0.40219.1
Project("{FAE04EC0-301F-11D3-BF4B-00C04F79EFBC}") = "Pract5", "Pract5\Pract5.csproj", "{2EE4533C-1B88-48FE-A34D-118BE2863446}"
EndProject
Global
	GlobalSection(SolutionConfigurationPlatforms) = preSolution
		Debug|Any CPU = Debug|Any CPU
		Release|Any CPU = Release|Any CPU
	EndGlobalSection
	GlobalSection(ProjectConfigurationPlatforms) = postSolution
		{2EE4533C-1B88-48FE-A34D-118BE2863446}.Debug|Any CPU.ActiveCfg = Debug|Any CPU
		{2EE4533C-1B88-48FE-A34D-118BE2863446}.Debug|Any CPU.Build.0 = Debug|Any CPU
		{2EE4533C-1B88-48FE-A34D-118BE2863446}.Release|Any CPU.ActiveCfg = Release|Any CPU
		{2EE4533C-1B88-48FE-A34D-118BE2863446}.Release|Any CPU.Build.0 = Release|Any CPU
	EndGlobalSection
	GlobalSection(SolutionProperties) = preSolution
		HideSolutionNode = FALSE
	EndGlobalSection
	GlobalSection(ExtensibilityGlobals) = postSolution
		SolutionGuid = {A4D0F990-012B-483A-AC88-1F6E86DFF41C}
	EndGlobalSection
EndGlobal
